
Microsoft Visual Studio Solution File, Format Version 12.00
# Visual Studio Version 17
VisualStudioVersion = 17.8.34322.80
MinimumVisualStudioVersion = 10.0.40219.1
Project("{FAE04EC0-301F-11D3-BF4B-00C04F79EFBC}") = "DatingApp", "DatingApp\DatingApp.csproj", "{2B9CA2F4-50A0-4EFB-A780-853CE4253E98}"
EndProject
Global
	GlobalSection(SolutionConfigurationPlatforms) = preSolution
		Debug|Any CPU = Debug|Any CPU
		Release|Any CPU = Release|Any CPU
	EndGlobalSection
	GlobalSection(ProjectConfigurationPlatforms) = postSolution
		{2B9CA2F4-50A0-4EFB-A780-853CE4253E98}.Debug|Any CPU.ActiveCfg = Debug|Any CPU
		{2B9CA2F4-50A0-4EFB-A780-853CE4253E98}.Debug|Any CPU.Build.0 = Debug|Any CPU
		{2B9CA2F4-50A0-4EFB-A780-853CE4253E98}.Release|Any CPU.ActiveCfg = Release|Any CPU
		{2B9CA2F4-50A0-4EFB-A780-853CE4253E98}.Release|Any CPU.Build.0 = Release|Any CPU
	EndGlobalSection
	GlobalSection(SolutionProperties) = preSolution
		HideSolutionNode = FALSE
	EndGlobalSection
	GlobalSection(ExtensibilityGlobals) = postSolution
		SolutionGuid = {921318FE-FC30-4A46-B846-919426116C05}
	EndGlobalSection
EndGlobal
